
Microsoft Visual Studio Solution File, Format Version 12.00
# Visual Studio Version 17
VisualStudioVersion = 17.4.33403.182
MinimumVisualStudioVersion = 10.0.40219.1
Project("{FAE04EC0-301F-11D3-BF4B-00C04F79EFBC}") = "Micran_Test_Task_1", "Micran_Test_Task_1\Micran_Test_Task_1.csproj", "{1859E56B-844B-4670-8EAC-D844F68176EC}"
EndProject
Global
	GlobalSection(SolutionConfigurationPlatforms) = preSolution
		Debug|Any CPU = Debug|Any CPU
		Release|Any CPU = Release|Any CPU
	EndGlobalSection
	GlobalSection(ProjectConfigurationPlatforms) = postSolution
		{1859E56B-844B-4670-8EAC-D844F68176EC}.Debug|Any CPU.ActiveCfg = Debug|Any CPU
		{1859E56B-844B-4670-8EAC-D844F68176EC}.Debug|Any CPU.Build.0 = Debug|Any CPU
		{1859E56B-844B-4670-8EAC-D844F68176EC}.Release|Any CPU.ActiveCfg = Release|Any CPU
		{1859E56B-844B-4670-8EAC-D844F68176EC}.Release|Any CPU.Build.0 = Release|Any CPU
	EndGlobalSection
	GlobalSection(SolutionProperties) = preSolution
		HideSolutionNode = FALSE
	EndGlobalSection
	GlobalSection(ExtensibilityGlobals) = postSolution
		SolutionGuid = {32AA4FA9-FE69-411C-AE09-1AA8793AD1EA}
	EndGlobalSection
EndGlobal
